
Microsoft Visual Studio Solution File, Format Version 12.00
# Visual Studio 2013
VisualStudioVersion = 12.0.30501.0
MinimumVisualStudioVersion = 10.0.40219.1
Project("{FAE04EC0-301F-11D3-BF4B-00C04F79EFBC}") = "ToDoList", "ToDoList\ToDoList.csproj", "{DCF15038-6365-447D-BBCE-AB02F27CD471}"
EndProject
Project("{FAE04EC0-301F-11D3-BF4B-00C04F79EFBC}") = "ToDoList.Tests", "C:\Users\Vasyl\Documents\Visual Studio 2013\Projects\ToDoList\ToDoList.Tests\ToDoList.Tests.csproj", "{1DBC7A7A-4DD0-4AEB-A9D6-69278BFC9A9A}"
EndProject
Global
	GlobalSection(SolutionConfigurationPlatforms) = preSolution
		Debug|Any CPU = Debug|Any CPU
		Release|Any CPU = Release|Any CPU
	EndGlobalSection
	GlobalSection(ProjectConfigurationPlatforms) = postSolution
		{DCF15038-6365-447D-BBCE-AB02F27CD471}.Debug|Any CPU.ActiveCfg = Debug|Any CPU
		{DCF15038-6365-447D-BBCE-AB02F27CD471}.Debug|Any CPU.Build.0 = Debug|Any CPU
		{DCF15038-6365-447D-BBCE-AB02F27CD471}.Release|Any CPU.ActiveCfg = Release|Any CPU
		{DCF15038-6365-447D-BBCE-AB02F27CD471}.Release|Any CPU.Build.0 = Release|Any CPU
		{1DBC7A7A-4DD0-4AEB-A9D6-69278BFC9A9A}.Debug|Any CPU.ActiveCfg = Debug|Any CPU
		{1DBC7A7A-4DD0-4AEB-A9D6-69278BFC9A9A}.Debug|Any CPU.Build.0 = Debug|Any CPU
		{1DBC7A7A-4DD0-4AEB-A9D6-69278BFC9A9A}.Release|Any CPU.ActiveCfg = Release|Any CPU
		{1DBC7A7A-4DD0-4AEB-A9D6-69278BFC9A9A}.Release|Any CPU.Build.0 = Release|Any CPU
	EndGlobalSection
	GlobalSection(SolutionProperties) = preSolution
		HideSolutionNode = FALSE
	EndGlobalSection
EndGlobal
